
Microsoft Visual Studio Solution File, Format Version 12.00
# Visual Studio Version 17
VisualStudioVersion = 17.0.31903.59
MinimumVisualStudioVersion = 10.0.40219.1
Project("{2150E333-8FDC-42A3-9474-1A3956D46DE8}") = "src", "src", "{827E0CD3-B72D-47B6-A68D-7590B98EB39B}"
EndProject
Project("{FAE04EC0-301F-11D3-BF4B-00C04F79EFBC}") = "GameTouchCompanion.App", "src\GameTouchCompanion.App\GameTouchCompanion.App.csproj", "{D7E78628-709F-4A5D-BE53-CE1D11DF4627}"
EndProject
Project("{FAE04EC0-301F-11D3-BF4B-00C04F79EFBC}") = "GameTouchCompanion.Core", "src\GameTouchCompanion.Core\GameTouchCompanion.Core.csproj", "{B431FB84-523E-49CD-9085-52D6E3C0BD27}"
EndProject
Project("{FAE04EC0-301F-11D3-BF4B-00C04F79EFBC}") = "GameTouchCompanion.Native", "src\GameTouchCompanion.Native\GameTouchCompanion.Native.csproj", "{921E9BAE-1FAC-4B5A-9629-3186938BC589}"
EndProject
Project("{2150E333-8FDC-42A3-9474-1A3956D46DE8}") = "tests", "tests", "{0AB3BF05-4346-4AA6-1389-037BE0695223}"
EndProject
Project("{FAE04EC0-301F-11D3-BF4B-00C04F79EFBC}") = "GameTouchCompanion.Core.Tests", "tests\GameTouchCompanion.Core.Tests\GameTouchCompanion.Core.Tests.csproj", "{D018D37F-D002-47A6-83FF-CB384A62C4D7}"
EndProject
Project("{FAE04EC0-301F-11D3-BF4B-00C04F79EFBC}") = "GameTouchCompanion.Native.Tests", "tests\GameTouchCompanion.Native.Tests\GameTouchCompanion.Native.Tests.csproj", "{247155AF-412E-42AF-ADA1-2DEFF1309708}"
EndProject
Project("{FAE04EC0-301F-11D3-BF4B-00C04F79EFBC}") = "GameTouchCompanion.IntegrationTests", "tests\GameTouchCompanion.IntegrationTests\GameTouchCompanion.IntegrationTests.csproj", "{0CEE517C-7D1B-4D5F-A138-9DCD0191D25C}"
EndProject
Project("{2150E333-8FDC-42A3-9474-1A3956D46DE8}") = "tools", "tools", "{07C2787E-EAC7-C090-1BA3-A61EC2A24D84}"
EndProject
Project("{FAE04EC0-301F-11D3-BF4B-00C04F79EFBC}") = "FocusProbe", "tools\FocusProbe\FocusProbe.csproj", "{3A67D509-8260-40A6-9943-10B0265C7AFE}"
EndProject
Global
	GlobalSection(SolutionConfigurationPlatforms) = preSolution
		Debug|Any CPU = Debug|Any CPU
		Debug|x64 = Debug|x64
		Debug|x86 = Debug|x86
		Release|Any CPU = Release|Any CPU
		Release|x64 = Release|x64
		Release|x86 = Release|x86
	EndGlobalSection
	GlobalSection(ProjectConfigurationPlatforms) = postSolution
		{D7E78628-709F-4A5D-BE53-CE1D11DF4627}.Debug|Any CPU.ActiveCfg = Debug|x64
		{D7E78628-709F-4A5D-BE53-CE1D11DF4627}.Debug|Any CPU.Build.0 = Debug|x64
		{D7E78628-709F-4A5D-BE53-CE1D11DF4627}.Debug|x64.ActiveCfg = Debug|x64
		{D7E78628-709F-4A5D-BE53-CE1D11DF4627}.Debug|x64.Build.0 = Debug|x64
		{D7E78628-709F-4A5D-BE53-CE1D11DF4627}.Debug|x86.ActiveCfg = Debug|x64
		{D7E78628-709F-4A5D-BE53-CE1D11DF4627}.Debug|x86.Build.0 = Debug|x64
		{D7E78628-709F-4A5D-BE53-CE1D11DF4627}.Release|Any CPU.ActiveCfg = Release|x64
		{D7E78628-709F-4A5D-BE53-CE1D11DF4627}.Release|Any CPU.Build.0 = Release|x64
		{D7E78628-709F-4A5D-BE53-CE1D11DF4627}.Release|x64.ActiveCfg = Release|x64
		{D7E78628-709F-4A5D-BE53-CE1D11DF4627}.Release|x64.Build.0 = Release|x64
		{D7E78628-709F-4A5D-BE53-CE1D11DF4627}.Release|x86.ActiveCfg = Release|x64
		{D7E78628-709F-4A5D-BE53-CE1D11DF4627}.Release|x86.Build.0 = Release|x64
		{B431FB84-523E-49CD-9085-52D6E3C0BD27}.Debug|Any CPU.ActiveCfg = Debug|x64
		{B431FB84-523E-49CD-9085-52D6E3C0BD27}.Debug|Any CPU.Build.0 = Debug|x64
		{B431FB84-523E-49CD-9085-52D6E3C0BD27}.Debug|x64.ActiveCfg = Debug|x64
		{B431FB84-523E-49CD-9085-52D6E3C0BD27}.Debug|x64.Build.0 = Debug|x64
		{B431FB84-523E-49CD-9085-52D6E3C0BD27}.Debug|x86.ActiveCfg = Debug|x64
		{B431FB84-523E-49CD-9085-52D6E3C0BD27}.Debug|x86.Build.0 = Debug|x64
		{B431FB84-523E-49CD-9085-52D6E3C0BD27}.Release|Any CPU.ActiveCfg = Release|x64
		{B431FB84-523E-49CD-9085-52D6E3C0BD27}.Release|Any CPU.Build.0 = Release|x64
		{B431FB84-523E-49CD-9085-52D6E3C0BD27}.Release|x64.ActiveCfg = Release|x64
		{B431FB84-523E-49CD-9085-52D6E3C0BD27}.Release|x64.Build.0 = Release|x64
		{B431FB84-523E-49CD-9085-52D6E3C0BD27}.Release|x86.ActiveCfg = Release|x64
		{B431FB84-523E-49CD-9085-52D6E3C0BD27}.Release|x86.Build.0 = Release|x64
		{921E9BAE-1FAC-4B5A-9629-3186938BC589}.Debug|Any CPU.ActiveCfg = Debug|x64
		{921E9BAE-1FAC-4B5A-9629-3186938BC589}.Debug|Any CPU.Build.0 = Debug|x64
		{921E9BAE-1FAC-4B5A-9629-3186938BC589}.Debug|x64.ActiveCfg = Debug|x64
		{921E9BAE-1FAC-4B5A-9629-3186938BC589}.Debug|x64.Build.0 = Debug|x64
		{921E9BAE-1FAC-4B5A-9629-3186938BC589}.Debug|x86.ActiveCfg = Debug|x64
		{921E9BAE-1FAC-4B5A-9629-3186938BC589}.Debug|x86.Build.0 = Debug|x64
		{921E9BAE-1FAC-4B5A-9629-3186938BC589}.Release|Any CPU.ActiveCfg = Release|x64
		{921E9BAE-1FAC-4B5A-9629-3186938BC589}.Release|Any CPU.Build.0 = Release|x64
		{921E9BAE-1FAC-4B5A-9629-3186938BC589}.Release|x64.ActiveCfg = Release|x64
		{921E9BAE-1FAC-4B5A-9629-3186938BC589}.Release|x64.Build.0 = Release|x64
		{921E9BAE-1FAC-4B5A-9629-3186938BC589}.Release|x86.ActiveCfg = Release|x64
		{921E9BAE-1FAC-4B5A-9629-3186938BC589}.Release|x86.Build.0 = Release|x64
		{D018D37F-D002-47A6-83FF-CB384A62C4D7}.Debug|Any CPU.ActiveCfg = Debug|x64
		{D018D37F-D002-47A6-83FF-CB384A62C4D7}.Debug|Any CPU.Build.0 = Debug|x64
		{D018D37F-D002-47A6-83FF-CB384A62C4D7}.Debug|x64.ActiveCfg = Debug|x64
		{D018D37F-D002-47A6-83FF-CB384A62C4D7}.Debug|x64.Build.0 = Debug|x64
		{D018D37F-D002-47A6-83FF-CB384A62C4D7}.Debug|x86.ActiveCfg = Debug|x64
		{D018D37F-D002-47A6-83FF-CB384A62C4D7}.Debug|x86.Build.0 = Debug|x64
		{D018D37F-D002-47A6-83FF-CB384A62C4D7}.Release|Any CPU.ActiveCfg = Release|x64
		{D018D37F-D002-47A6-83FF-CB384A62C4D7}.Release|Any CPU.Build.0 = Release|x64
		{D018D37F-D002-47A6-83FF-CB384A62C4D7}.Release|x64.ActiveCfg = Release|x64
		{D018D37F-D002-47A6-83FF-CB384A62C4D7}.Release|x64.Build.0 = Release|x64
		{D018D37F-D002-47A6-83FF-CB384A62C4D7}.Release|x86.ActiveCfg = Release|x64
		{D018D37F-D002-47A6-83FF-CB384A62C4D7}.Release|x86.Build.0 = Release|x64
		{247155AF-412E-42AF-ADA1-2DEFF1309708}.Debug|Any CPU.ActiveCfg = Debug|x64
		{247155AF-412E-42AF-ADA1-2DEFF1309708}.Debug|Any CPU.Build.0 = Debug|x64
		{247155AF-412E-42AF-ADA1-2DEFF1309708}.Debug|x64.ActiveCfg = Debug|x64
		{247155AF-412E-42AF-ADA1-2DEFF1309708}.Debug|x64.Build.0 = Debug|x64
		{247155AF-412E-42AF-ADA1-2DEFF1309708}.Debug|x86.ActiveCfg = Debug|x64
		{247155AF-412E-42AF-ADA1-2DEFF1309708}.Debug|x86.Build.0 = Debug|x64
		{247155AF-412E-42AF-ADA1-2DEFF1309708}.Release|Any CPU.ActiveCfg = Release|x64
		{247155AF-412E-42AF-ADA1-2DEFF1309708}.Release|Any CPU.Build.0 = Release|x64
		{247155AF-412E-42AF-ADA1-2DEFF1309708}.Release|x64.ActiveCfg = Release|x64
		{247155AF-412E-42AF-ADA1-2DEFF1309708}.Release|x64.Build.0 = Release|x64
		{247155AF-412E-42AF-ADA1-2DEFF1309708}.Release|x86.ActiveCfg = Release|x64
		{247155AF-412E-42AF-ADA1-2DEFF1309708}.Release|x86.Build.0 = Release|x64
		{0CEE517C-7D1B-4D5F-A138-9DCD0191D25C}.Debug|Any CPU.ActiveCfg = Debug|x64
		{0CEE517C-7D1B-4D5F-A138-9DCD0191D25C}.Debug|Any CPU.Build.0 = Debug|x64
		{0CEE517C-7D1B-4D5F-A138-9DCD0191D25C}.Debug|x64.ActiveCfg = Debug|x64
		{0CEE517C-7D1B-4D5F-A138-9DCD0191D25C}.Debug|x64.Build.0 = Debug|x64
		{0CEE517C-7D1B-4D5F-A138-9DCD0191D25C}.Debug|x86.ActiveCfg = Debug|x64
		{0CEE517C-7D1B-4D5F-A138-9DCD0191D25C}.Debug|x86.Build.0 = Debug|x64
		{0CEE517C-7D1B-4D5F-A138-9DCD0191D25C}.Release|Any CPU.ActiveCfg = Release|x64
		{0CEE517C-7D1B-4D5F-A138-9DCD0191D25C}.Release|Any CPU.Build.0 = Release|x64
		{0CEE517C-7D1B-4D5F-A138-9DCD0191D25C}.Release|x64.ActiveCfg = Release|x64
		{0CEE517C-7D1B-4D5F-A138-9DCD0191D25C}.Release|x64.Build.0 = Release|x64
		{0CEE517C-7D1B-4D5F-A138-9DCD0191D25C}.Release|x86.ActiveCfg = Release|x64
		{0CEE517C-7D1B-4D5F-A138-9DCD0191D25C}.Release|x86.Build.0 = Release|x64
		{3A67D509-8260-40A6-9943-10B0265C7AFE}.Debug|Any CPU.ActiveCfg = Debug|x64
		{3A67D509-8260-40A6-9943-10B0265C7AFE}.Debug|Any CPU.Build.0 = Debug|x64
		{3A67D509-8260-40A6-9943-10B0265C7AFE}.Debug|x64.ActiveCfg = Debug|x64
		{3A67D509-8260-40A6-9943-10B0265C7AFE}.Debug|x64.Build.0 = Debug|x64
		{3A67D509-8260-40A6-9943-10B0265C7AFE}.Debug|x86.ActiveCfg = Debug|x64
		{3A67D509-8260-40A6-9943-10B0265C7AFE}.Debug|x86.Build.0 = Debug|x64
		{3A67D509-8260-40A6-9943-10B0265C7AFE}.Release|Any CPU.ActiveCfg = Release|x64
		{3A67D509-8260-40A6-9943-10B0265C7AFE}.Release|Any CPU.Build.0 = Release|x64
		{3A67D509-8260-40A6-9943-10B0265C7AFE}.Release|x64.ActiveCfg = Release|x64
		{3A67D509-8260-40A6-9943-10B0265C7AFE}.Release|x64.Build.0 = Release|x64
		{3A67D509-8260-40A6-9943-10B0265C7AFE}.Release|x86.ActiveCfg = Release|x64
		{3A67D509-8260-40A6-9943-10B0265C7AFE}.Release|x86.Build.0 = Release|x64
	EndGlobalSection
	GlobalSection(SolutionProperties) = preSolution
		HideSolutionNode = FALSE
	EndGlobalSection
	GlobalSection(NestedProjects) = preSolution
		{D7E78628-709F-4A5D-BE53-CE1D11DF4627} = {827E0CD3-B72D-47B6-A68D-7590B98EB39B}
		{B431FB84-523E-49CD-9085-52D6E3C0BD27} = {827E0CD3-B72D-47B6-A68D-7590B98EB39B}
		{921E9BAE-1FAC-4B5A-9629-3186938BC589} = {827E0CD3-B72D-47B6-A68D-7590B98EB39B}
		{D018D37F-D002-47A6-83FF-CB384A62C4D7} = {0AB3BF05-4346-4AA6-1389-037BE0695223}
		{247155AF-412E-42AF-ADA1-2DEFF1309708} = {0AB3BF05-4346-4AA6-1389-037BE0695223}
		{0CEE517C-7D1B-4D5F-A138-9DCD0191D25C} = {0AB3BF05-4346-4AA6-1389-037BE0695223}
		{3A67D509-8260-40A6-9943-10B0265C7AFE} = {07C2787E-EAC7-C090-1BA3-A61EC2A24D84}
	EndGlobalSection
EndGlobal
